# generated by rye
# use `rye lock` or `rye sync` to update this lockfile
#
# last locked with the following flags:
#   pre: false
#   features: []
#   all-features: false
#   with-sources: false
#   generate-hashes: false
#   universal: false

-e file:.
blinker==1.8.2
    # via flask
certifi==2024.8.30
    # via requests
charset-normalizer==3.3.2
    # via requests
click==8.1.7
    # via flask
deprecated==1.2.14
    # via opentelemetry-api
    # via opentelemetry-semantic-conventions
flask==3.0.3
    # via teaching-tracinginstrument
idna==3.10
    # via requests
importlib-metadata==8.4.0
    # via opentelemetry-api
itsdangerous==2.2.0
    # via flask
jinja2==3.1.4
    # via flask
markupsafe==2.1.5
    # via jinja2
    # via werkzeug
opentelemetry-api==1.27.0
    # via opentelemetry-distro
    # via opentelemetry-instrumentation
    # via opentelemetry-sdk
    # via opentelemetry-semantic-conventions
opentelemetry-distro==0.48b0
    # via teaching-tracinginstrument
opentelemetry-instrumentation==0.48b0
    # via opentelemetry-distro
opentelemetry-sdk==1.27.0
    # via opentelemetry-distro
opentelemetry-semantic-conventions==0.48b0
    # via opentelemetry-sdk
pip==24.2
    # via teaching-tracinginstrument
requests==2.32.3
    # via teaching-tracinginstrument
setuptools==75.1.0
    # via opentelemetry-instrumentation
typing-extensions==4.12.2
    # via opentelemetry-sdk
urllib3==2.2.3
    # via requests
werkzeug==3.0.4
    # via flask
wrapt==1.16.0
    # via deprecated
    # via opentelemetry-instrumentation
zipp==3.20.2
    # via importlib-metadata
