# generated by rye
# use `rye lock` or `rye sync` to update this lockfile
#
# last locked with the following flags:
#   pre: false
#   features: []
#   all-features: false
#   with-sources: false
#   generate-hashes: false
#   universal: false

-e file:.
boolean-py==4.0
    # via license-expression
cachecontrol==0.14.0
    # via pip-audit
certifi==2024.8.30
    # via requests
charset-normalizer==3.4.0
    # via requests
cyclonedx-python-lib==7.6.2
    # via pip-audit
defusedxml==0.7.1
    # via py-serializable
filelock==3.16.1
    # via cachecontrol
html5lib==1.1
    # via pip-audit
idna==3.10
    # via requests
license-expression==30.3.1
    # via cyclonedx-python-lib
markdown-it-py==3.0.0
    # via rich
mdurl==0.1.2
    # via markdown-it-py
msgpack==1.1.0
    # via cachecontrol
packageurl-python==0.16.0
    # via cyclonedx-python-lib
packaging==24.1
    # via pip-audit
    # via pip-requirements-parser
pip==24.2
    # via pip-api
pip-api==0.0.34
    # via pip-audit
pip-audit==2.7.3
    # via teaching-tracingmanual
pip-requirements-parser==32.0.1
    # via pip-audit
py-serializable==1.1.2
    # via cyclonedx-python-lib
pygments==2.18.0
    # via rich
pyparsing==3.2.0
    # via pip-requirements-parser
requests==2.32.3
    # via cachecontrol
    # via pip-audit
rich==13.9.3
    # via pip-audit
six==1.16.0
    # via html5lib
sortedcontainers==2.4.0
    # via cyclonedx-python-lib
toml==0.10.2
    # via pip-audit
urllib3==2.2.3
    # via requests
webencodings==0.5.1
    # via html5lib
